// !$*UTF8*$!
{
	archiveVersion = 1;
	classes = {
	};
	objectVersion = 46;
	objects = {

/* Begin PBXBuildFile section */
		F418DFA9159A348100AAEDE6 /* StringUtils.m in Sources */ = {isa = PBXBuildFile; fileRef = F420AA2115767F5800CE9DC8 /* StringUtils.m */; };
		F420AA2315767F5800CE9DC8 /* StringUtils.m in Sources */ = {isa = PBXBuildFile; fileRef = F420AA2115767F5800CE9DC8 /* StringUtils.m */; };
		F4253C4E15A617F200EAA4E8 /* Twitter.framework in Frameworks */ = {isa = PBXBuildFile; fileRef = F4253C4D15A617F200EAA4E8 /* Twitter.framework */; };
		F4253C5115A619DE00EAA4E8 /* MessageUI.framework in Frameworks */ = {isa = PBXBuildFile; fileRef = F4253C5015A619DE00EAA4E8 /* MessageUI.framework */; };
		F429369D156FEF2B0034F723 /* QuoteViewController.m in Sources */ = {isa = PBXBuildFile; fileRef = F429369C156FEF2B0034F723 /* QuoteViewController.m */; };
		F42936A0156FF0250034F723 /* QuoteViewController.xib in Resources */ = {isa = PBXBuildFile; fileRef = F429369F156FF0250034F723 /* QuoteViewController.xib */; };
		F42936A8156FF6970034F723 /* v_frame_iphone.png in Resources */ = {isa = PBXBuildFile; fileRef = F42936A6156FF6970034F723 /* v_frame_iphone.png */; };
		F42936AA156FFA070034F723 /* background@2x.png in Resources */ = {isa = PBXBuildFile; fileRef = F42936A9156FFA070034F723 /* background@2x.png */; };
		F43DA53015C54F9B00C7CEFD /* Default@2x.png in Resources */ = {isa = PBXBuildFile; fileRef = F43DA52F15C54F9B00C7CEFD /* Default@2x.png */; };
		F43DA53215C54FEF00C7CEFD /* Default-Landscape@2x.png in Resources */ = {isa = PBXBuildFile; fileRef = F43DA53115C54FEF00C7CEFD /* Default-Landscape@2x.png */; };
		F43DA53415C550F200C7CEFD /* Default.png in Resources */ = {isa = PBXBuildFile; fileRef = F43DA53315C550F200C7CEFD /* Default.png */; };
		F43DA53615C551C200C7CEFD /* Default-Landscape.png in Resources */ = {isa = PBXBuildFile; fileRef = F43DA53515C551C200C7CEFD /* Default-Landscape.png */; };
		F45F3FCD156EACD90077D01C /* UIKit.framework in Frameworks */ = {isa = PBXBuildFile; fileRef = F45F3FCC156EACD90077D01C /* UIKit.framework */; };
		F45F3FCF156EACD90077D01C /* Foundation.framework in Frameworks */ = {isa = PBXBuildFile; fileRef = F45F3FCE156EACD90077D01C /* Foundation.framework */; };
		F45F3FD1156EACD90077D01C /* CoreGraphics.framework in Frameworks */ = {isa = PBXBuildFile; fileRef = F45F3FD0156EACD90077D01C /* CoreGraphics.framework */; };
		F45F3FD7156EACD90077D01C /* InfoPlist.strings in Resources */ = {isa = PBXBuildFile; fileRef = F45F3FD5156EACD90077D01C /* InfoPlist.strings */; };
		F45F3FD9156EACD90077D01C /* main.m in Sources */ = {isa = PBXBuildFile; fileRef = F45F3FD8156EACD90077D01C /* main.m */; };
		F45F3FF2156EAE610077D01C /* AppDelegate.m in Sources */ = {isa = PBXBuildFile; fileRef = F45F3FEE156EAE610077D01C /* AppDelegate.m */; };
		F45F3FF3156EAE610077D01C /* InfinityPagesViewController.m in Sources */ = {isa = PBXBuildFile; fileRef = F45F3FF1156EAE610077D01C /* InfinityPagesViewController.m */; };
		F45F3FF9156EAEE20077D01C /* InfinityPagesViewController_iPad.xib in Resources */ = {isa = PBXBuildFile; fileRef = F45F3FF5156EAEE20077D01C /* InfinityPagesViewController_iPad.xib */; };
		F45F3FFA156EAEE20077D01C /* InfinityPagesViewController_iPhone.xib in Resources */ = {isa = PBXBuildFile; fileRef = F45F3FF7156EAEE20077D01C /* InfinityPagesViewController_iPhone.xib */; };
		F45F4000156EC1F30077D01C /* Icon.png in Resources */ = {isa = PBXBuildFile; fileRef = F45F3FFF156EC1F30077D01C /* Icon.png */; };
		F45F4003156EC1FE0077D01C /* Icon@2x.png in Resources */ = {isa = PBXBuildFile; fileRef = F45F4002156EC1FE0077D01C /* Icon@2x.png */; };
		F45F4005156EC20D0077D01C /* Icon72.png in Resources */ = {isa = PBXBuildFile; fileRef = F45F4004156EC20D0077D01C /* Icon72.png */; };
		F45F4008156EC2730077D01C /* Icon512.png in Resources */ = {isa = PBXBuildFile; fileRef = F45F4007156EC2730077D01C /* Icon512.png */; };
		F45F4010156ED94D0077D01C /* Philosopher.otf in Resources */ = {isa = PBXBuildFile; fileRef = F45F400F156ED94D0077D01C /* Philosopher.otf */; };
		F4A52A1E159B89D500DA37BD /* h_frame_iphone.png in Resources */ = {isa = PBXBuildFile; fileRef = F4A52A1D159B89D500DA37BD /* h_frame_iphone.png */; };
		F4B454C9159F07CE00CD82F4 /* v_bottom_background_iphone.png in Resources */ = {isa = PBXBuildFile; fileRef = F4B454C8159F07CE00CD82F4 /* v_bottom_background_iphone.png */; };
		F4B454CD15A05AD700CD82F4 /* UIUtils.m in Sources */ = {isa = PBXBuildFile; fileRef = F4B454CC15A05AD700CD82F4 /* UIUtils.m */; };
		F4B454CE15A05AD700CD82F4 /* UIUtils.m in Sources */ = {isa = PBXBuildFile; fileRef = F4B454CC15A05AD700CD82F4 /* UIUtils.m */; };
		F4B454D315A0602A00CD82F4 /* facebook_iphone.png in Resources */ = {isa = PBXBuildFile; fileRef = F4B454D215A0602A00CD82F4 /* facebook_iphone.png */; };
		F4B454D415A0602A00CD82F4 /* facebook_iphone.png in Resources */ = {isa = PBXBuildFile; fileRef = F4B454D215A0602A00CD82F4 /* facebook_iphone.png */; };
		F4B454D715A06C1900CD82F4 /* email_iphone.png in Resources */ = {isa = PBXBuildFile; fileRef = F4B454D515A06C1900CD82F4 /* email_iphone.png */; };
		F4B454D815A06C1900CD82F4 /* googleplus_iphone.png in Resources */ = {isa = PBXBuildFile; fileRef = F4B454D615A06C1900CD82F4 /* googleplus_iphone.png */; };
		F4B454DA15A06C2300CD82F4 /* twitter_iphone.png in Resources */ = {isa = PBXBuildFile; fileRef = F4B454D915A06C2300CD82F4 /* twitter_iphone.png */; };
		F4B454DC15A0781300CD82F4 /* lang_button.png in Resources */ = {isa = PBXBuildFile; fileRef = F4B454DB15A0781200CD82F4 /* lang_button.png */; };
		F4B58AC815AE022500E1A914 /* Facebook.m in Sources */ = {isa = PBXBuildFile; fileRef = F4B58AAF15AE022500E1A914 /* Facebook.m */; };
		F4B58AC915AE022500E1A914 /* Facebook.m in Sources */ = {isa = PBXBuildFile; fileRef = F4B58AAF15AE022500E1A914 /* Facebook.m */; };
		F4B58ACA15AE022500E1A914 /* FBDialog.bundle in Resources */ = {isa = PBXBuildFile; fileRef = F4B58AB115AE022500E1A914 /* FBDialog.bundle */; };
		F4B58ACB15AE022500E1A914 /* FBDialog.bundle in Resources */ = {isa = PBXBuildFile; fileRef = F4B58AB115AE022500E1A914 /* FBDialog.bundle */; };
		F4B58ACC15AE022500E1A914 /* FBDialog.m in Sources */ = {isa = PBXBuildFile; fileRef = F4B58AB315AE022500E1A914 /* FBDialog.m */; };
		F4B58ACD15AE022500E1A914 /* FBDialog.m in Sources */ = {isa = PBXBuildFile; fileRef = F4B58AB315AE022500E1A914 /* FBDialog.m */; };
		F4B58ACE15AE022500E1A914 /* FBFrictionlessRequestSettings.m in Sources */ = {isa = PBXBuildFile; fileRef = F4B58AB515AE022500E1A914 /* FBFrictionlessRequestSettings.m */; };
		F4B58ACF15AE022500E1A914 /* FBFrictionlessRequestSettings.m in Sources */ = {isa = PBXBuildFile; fileRef = F4B58AB515AE022500E1A914 /* FBFrictionlessRequestSettings.m */; };
		F4B58AD015AE022500E1A914 /* FBLoginDialog.m in Sources */ = {isa = PBXBuildFile; fileRef = F4B58AB715AE022500E1A914 /* FBLoginDialog.m */; };
		F4B58AD115AE022500E1A914 /* FBLoginDialog.m in Sources */ = {isa = PBXBuildFile; fileRef = F4B58AB715AE022500E1A914 /* FBLoginDialog.m */; };
		F4B58AD215AE022500E1A914 /* FBRequest.m in Sources */ = {isa = PBXBuildFile; fileRef = F4B58AB915AE022500E1A914 /* FBRequest.m */; };
		F4B58AD315AE022500E1A914 /* FBRequest.m in Sources */ = {isa = PBXBuildFile; fileRef = F4B58AB915AE022500E1A914 /* FBRequest.m */; };
		F4B58AD415AE022500E1A914 /* NSObject+SBJSON.m in Sources */ = {isa = PBXBuildFile; fileRef = F4B58ABD15AE022500E1A914 /* NSObject+SBJSON.m */; };
		F4B58AD515AE022500E1A914 /* NSObject+SBJSON.m in Sources */ = {isa = PBXBuildFile; fileRef = F4B58ABD15AE022500E1A914 /* NSObject+SBJSON.m */; };
		F4B58AD615AE022500E1A914 /* NSString+SBJSON.m in Sources */ = {isa = PBXBuildFile; fileRef = F4B58ABF15AE022500E1A914 /* NSString+SBJSON.m */; };
		F4B58AD715AE022500E1A914 /* NSString+SBJSON.m in Sources */ = {isa = PBXBuildFile; fileRef = F4B58ABF15AE022500E1A914 /* NSString+SBJSON.m */; };
		F4B58AD815AE022500E1A914 /* SBJSON.m in Sources */ = {isa = PBXBuildFile; fileRef = F4B58AC115AE022500E1A914 /* SBJSON.m */; };
		F4B58AD915AE022500E1A914 /* SBJSON.m in Sources */ = {isa = PBXBuildFile; fileRef = F4B58AC115AE022500E1A914 /* SBJSON.m */; };
		F4B58ADA15AE022500E1A914 /* SBJsonBase.m in Sources */ = {isa = PBXBuildFile; fileRef = F4B58AC315AE022500E1A914 /* SBJsonBase.m */; };
		F4B58ADB15AE022500E1A914 /* SBJsonBase.m in Sources */ = {isa = PBXBuildFile; fileRef = F4B58AC315AE022500E1A914 /* SBJsonBase.m */; };
		F4B58ADC15AE022500E1A914 /* SBJsonParser.m in Sources */ = {isa = PBXBuildFile; fileRef = F4B58AC515AE022500E1A914 /* SBJsonParser.m */; };
		F4B58ADD15AE022500E1A914 /* SBJsonParser.m in Sources */ = {isa = PBXBuildFile; fileRef = F4B58AC515AE022500E1A914 /* SBJsonParser.m */; };
		F4B58ADE15AE022500E1A914 /* SBJsonWriter.m in Sources */ = {isa = PBXBuildFile; fileRef = F4B58AC715AE022500E1A914 /* SBJsonWriter.m */; };
		F4B58ADF15AE022500E1A914 /* SBJsonWriter.m in Sources */ = {isa = PBXBuildFile; fileRef = F4B58AC715AE022500E1A914 /* SBJsonWriter.m */; };
		F4B642B015C6FF93006F34D9 /* AudioToolbox.framework in Frameworks */ = {isa = PBXBuildFile; fileRef = F4B642AF15C6FF93006F34D9 /* AudioToolbox.framework */; };
		F4B642B415C703D0006F34D9 /* mail-sent.caf in Resources */ = {isa = PBXBuildFile; fileRef = F4B642B315C703D0006F34D9 /* mail-sent.caf */; };
		F4C48DA81588FD6600528F1D /* WikiQuoteParser.m in Sources */ = {isa = PBXBuildFile; fileRef = F4C48DA71588FD6600528F1D /* WikiQuoteParser.m */; };
		F4C48DA91588FD6600528F1D /* WikiQuoteParser.m in Sources */ = {isa = PBXBuildFile; fileRef = F4C48DA71588FD6600528F1D /* WikiQuoteParser.m */; };
		F4DEDF681574006500BD77CB /* Logger.m in Sources */ = {isa = PBXBuildFile; fileRef = F4DEDF671574006500BD77CB /* Logger.m */; };
		F4DEDF6B15740F4200BD77CB /* Quote.m in Sources */ = {isa = PBXBuildFile; fileRef = F4DEDF6A15740F4200BD77CB /* Quote.m */; };
		F4DEDF721574136100BD77CB /* WikiQuoter.m in Sources */ = {isa = PBXBuildFile; fileRef = F4DEDF711574136100BD77CB /* WikiQuoter.m */; };
		F4F3B20A1577F407007AE88E /* SenTestingKit.framework in Frameworks */ = {isa = PBXBuildFile; fileRef = F4F3B2091577F407007AE88E /* SenTestingKit.framework */; };
		F4F3B20B1577F407007AE88E /* UIKit.framework in Frameworks */ = {isa = PBXBuildFile; fileRef = F45F3FCC156EACD90077D01C /* UIKit.framework */; };
		F4F3B20C1577F407007AE88E /* Foundation.framework in Frameworks */ = {isa = PBXBuildFile; fileRef = F45F3FCE156EACD90077D01C /* Foundation.framework */; };
		F4F3B2121577F407007AE88E /* InfoPlist.strings in Resources */ = {isa = PBXBuildFile; fileRef = F4F3B2101577F407007AE88E /* InfoPlist.strings */; };
		F4F3B2151577F407007AE88E /* WikiQuoteTests.m in Sources */ = {isa = PBXBuildFile; fileRef = F4F3B2141577F407007AE88E /* WikiQuoteTests.m */; };
		F4F3B21B1577F50D007AE88E /* WikiQuoter.m in Sources */ = {isa = PBXBuildFile; fileRef = F4DEDF711574136100BD77CB /* WikiQuoter.m */; };
		F4F3B21C1577F516007AE88E /* Quote.m in Sources */ = {isa = PBXBuildFile; fileRef = F4DEDF6A15740F4200BD77CB /* Quote.m */; };
/* End PBXBuildFile section */

/* Begin PBXFileReference section */
		F420AA1F15767F5800CE9DC8 /* Common.h */ = {isa = PBXFileReference; fileEncoding = 4; lastKnownFileType = sourcecode.c.h; path = Common.h; sourceTree = "<group>"; };
		F420AA2015767F5800CE9DC8 /* StringUtils.h */ = {isa = PBXFileReference; fileEncoding = 4; lastKnownFileType = sourcecode.c.h; path = StringUtils.h; sourceTree = "<group>"; };
		F420AA2115767F5800CE9DC8 /* StringUtils.m */ = {isa = PBXFileReference; fileEncoding = 4; lastKnownFileType = sourcecode.c.objc; path = StringUtils.m; sourceTree = "<group>"; };
		F420AA2215767F5800CE9DC8 /* SynthesizeSingleton.h */ = {isa = PBXFileReference; fileEncoding = 4; lastKnownFileType = sourcecode.c.h; path = SynthesizeSingleton.h; sourceTree = "<group>"; };
		F4253C4D15A617F200EAA4E8 /* Twitter.framework */ = {isa = PBXFileReference; lastKnownFileType = wrapper.framework; name = Twitter.framework; path = System/Library/Frameworks/Twitter.framework; sourceTree = SDKROOT; };
		F4253C5015A619DE00EAA4E8 /* MessageUI.framework */ = {isa = PBXFileReference; lastKnownFileType = wrapper.framework; name = MessageUI.framework; path = System/Library/Frameworks/MessageUI.framework; sourceTree = SDKROOT; };
		F429369B156FEF2B0034F723 /* QuoteViewController.h */ = {isa = PBXFileReference; fileEncoding = 4; lastKnownFileType = sourcecode.c.h; path = QuoteViewController.h; sourceTree = "<group>"; };
		F429369C156FEF2B0034F723 /* QuoteViewController.m */ = {isa = PBXFileReference; fileEncoding = 4; lastKnownFileType = sourcecode.c.objc; path = QuoteViewController.m; sourceTree = "<group>"; };
		F429369F156FF0250034F723 /* QuoteViewController.xib */ = {isa = PBXFileReference; fileEncoding = 4; lastKnownFileType = file.xib; path = QuoteViewController.xib; sourceTree = "<group>"; };
		F42936A6156FF6970034F723 /* v_frame_iphone.png */ = {isa = PBXFileReference; lastKnownFileType = image.png; path = v_frame_iphone.png; sourceTree = "<group>"; };
		F42936A9156FFA070034F723 /* background@2x.png */ = {isa = PBXFileReference; lastKnownFileType = image.png; path = "background@2x.png"; sourceTree = "<group>"; };
		F43DA52F15C54F9B00C7CEFD /* Default@2x.png */ = {isa = PBXFileReference; lastKnownFileType = image.png; name = "Default@2x.png"; path = "../../../Default@2x.png"; sourceTree = "<group>"; };
		F43DA53115C54FEF00C7CEFD /* Default-Landscape@2x.png */ = {isa = PBXFileReference; lastKnownFileType = image.png; name = "Default-Landscape@2x.png"; path = "../../../Default-Landscape@2x.png"; sourceTree = "<group>"; };
		F43DA53315C550F200C7CEFD /* Default.png */ = {isa = PBXFileReference; lastKnownFileType = image.png; name = Default.png; path = ../../../Default.png; sourceTree = "<group>"; };
		F43DA53515C551C200C7CEFD /* Default-Landscape.png */ = {isa = PBXFileReference; lastKnownFileType = image.png; name = "Default-Landscape.png"; path = "../../../Default-Landscape.png"; sourceTree = "<group>"; };
		F45F3FC8156EACD90077D01C /* WikiQuote.app */ = {isa = PBXFileReference; explicitFileType = wrapper.application; includeInIndex = 0; path = WikiQuote.app; sourceTree = BUILT_PRODUCTS_DIR; };
		F45F3FCC156EACD90077D01C /* UIKit.framework */ = {isa = PBXFileReference; lastKnownFileType = wrapper.framework; name = UIKit.framework; path = System/Library/Frameworks/UIKit.framework; sourceTree = SDKROOT; };
		F45F3FCE156EACD90077D01C /* Foundation.framework */ = {isa = PBXFileReference; lastKnownFileType = wrapper.framework; name = Foundation.framework; path = System/Library/Frameworks/Foundation.framework; sourceTree = SDKROOT; };
		F45F3FD0156EACD90077D01C /* CoreGraphics.framework */ = {isa = PBXFileReference; lastKnownFileType = wrapper.framework; name = CoreGraphics.framework; path = System/Library/Frameworks/CoreGraphics.framework; sourceTree = SDKROOT; };
		F45F3FD4156EACD90077D01C /* WikiQuote-Info.plist */ = {isa = PBXFileReference; lastKnownFileType = text.plist.xml; path = "WikiQuote-Info.plist"; sourceTree = "<group>"; };
		F45F3FD6156EACD90077D01C /* en */ = {isa = PBXFileReference; lastKnownFileType = text.plist.strings; name = en; path = en.lproj/InfoPlist.strings; sourceTree = "<group>"; };
		F45F3FD8156EACD90077D01C /* main.m */ = {isa = PBXFileReference; lastKnownFileType = sourcecode.c.objc; path = main.m; sourceTree = "<group>"; };
		F45F3FDA156EACD90077D01C /* WikiQuote-Prefix.pch */ = {isa = PBXFileReference; lastKnownFileType = sourcecode.c.h; path = "WikiQuote-Prefix.pch"; sourceTree = "<group>"; };
		F45F3FED156EAE610077D01C /* AppDelegate.h */ = {isa = PBXFileReference; fileEncoding = 4; lastKnownFileType = sourcecode.c.h; path = AppDelegate.h; sourceTree = "<group>"; };
		F45F3FEE156EAE610077D01C /* AppDelegate.m */ = {isa = PBXFileReference; fileEncoding = 4; lastKnownFileType = sourcecode.c.objc; path = AppDelegate.m; sourceTree = "<group>"; };
		F45F3FF0156EAE610077D01C /* InfinityPagesViewController.h */ = {isa = PBXFileReference; fileEncoding = 4; lastKnownFileType = sourcecode.c.h; path = InfinityPagesViewController.h; sourceTree = "<group>"; };
		F45F3FF1156EAE610077D01C /* InfinityPagesViewController.m */ = {isa = PBXFileReference; fileEncoding = 4; lastKnownFileType = sourcecode.c.objc; path = InfinityPagesViewController.m; sourceTree = "<group>"; };
		F45F3FF6156EAEE20077D01C /* en */ = {isa = PBXFileReference; lastKnownFileType = file.xib; name = en; path = en.lproj/InfinityPagesViewController_iPad.xib; sourceTree = "<group>"; };
		F45F3FF8156EAEE20077D01C /* en */ = {isa = PBXFileReference; lastKnownFileType = file.xib; name = en; path = en.lproj/InfinityPagesViewController_iPhone.xib; sourceTree = "<group>"; };
		F45F3FFF156EC1F30077D01C /* Icon.png */ = {isa = PBXFileReference; lastKnownFileType = image.png; name = Icon.png; path = ../Icon.png; sourceTree = "<group>"; };
		F45F4002156EC1FE0077D01C /* Icon@2x.png */ = {isa = PBXFileReference; lastKnownFileType = image.png; name = "Icon@2x.png"; path = "../Icon@2x.png"; sourceTree = "<group>"; };
		F45F4004156EC20D0077D01C /* Icon72.png */ = {isa = PBXFileReference; lastKnownFileType = image.png; name = Icon72.png; path = ../Icon72.png; sourceTree = "<group>"; };
		F45F4007156EC2730077D01C /* Icon512.png */ = {isa = PBXFileReference; lastKnownFileType = image.png; name = Icon512.png; path = ../Icon512.png; sourceTree = "<group>"; };
		F45F400F156ED94D0077D01C /* Philosopher.otf */ = {isa = PBXFileReference; lastKnownFileType = file; name = Philosopher.otf; path = Resources/Philosopher.otf; sourceTree = "<group>"; };
		F4A52A1D159B89D500DA37BD /* h_frame_iphone.png */ = {isa = PBXFileReference; lastKnownFileType = image.png; path = h_frame_iphone.png; sourceTree = "<group>"; };
		F4B454C8159F07CE00CD82F4 /* v_bottom_background_iphone.png */ = {isa = PBXFileReference; lastKnownFileType = image.png; path = v_bottom_background_iphone.png; sourceTree = "<group>"; };
		F4B454CB15A05AD700CD82F4 /* UIUtils.h */ = {isa = PBXFileReference; fileEncoding = 4; lastKnownFileType = sourcecode.c.h; path = UIUtils.h; sourceTree = "<group>"; };
		F4B454CC15A05AD700CD82F4 /* UIUtils.m */ = {isa = PBXFileReference; fileEncoding = 4; lastKnownFileType = sourcecode.c.objc; path = UIUtils.m; sourceTree = "<group>"; };
		F4B454D215A0602A00CD82F4 /* facebook_iphone.png */ = {isa = PBXFileReference; lastKnownFileType = image.png; path = facebook_iphone.png; sourceTree = "<group>"; };
		F4B454D515A06C1900CD82F4 /* email_iphone.png */ = {isa = PBXFileReference; lastKnownFileType = image.png; path = email_iphone.png; sourceTree = "<group>"; };
		F4B454D615A06C1900CD82F4 /* googleplus_iphone.png */ = {isa = PBXFileReference; lastKnownFileType = image.png; path = googleplus_iphone.png; sourceTree = "<group>"; };
		F4B454D915A06C2300CD82F4 /* twitter_iphone.png */ = {isa = PBXFileReference; lastKnownFileType = image.png; path = twitter_iphone.png; sourceTree = "<group>"; };
		F4B454DB15A0781200CD82F4 /* lang_button.png */ = {isa = PBXFileReference; lastKnownFileType = image.png; path = lang_button.png; sourceTree = "<group>"; };
		F4B58AAE15AE022500E1A914 /* Facebook.h */ = {isa = PBXFileReference; fileEncoding = 4; lastKnownFileType = sourcecode.c.h; path = Facebook.h; sourceTree = "<group>"; };
		F4B58AAF15AE022500E1A914 /* Facebook.m */ = {isa = PBXFileReference; fileEncoding = 4; lastKnownFileType = sourcecode.c.objc; path = Facebook.m; sourceTree = "<group>"; };
		F4B58AB015AE022500E1A914 /* FBConnect.h */ = {isa = PBXFileReference; fileEncoding = 4; lastKnownFileType = sourcecode.c.h; path = FBConnect.h; sourceTree = "<group>"; };
		F4B58AB115AE022500E1A914 /* FBDialog.bundle */ = {isa = PBXFileReference; lastKnownFileType = "wrapper.plug-in"; path = FBDialog.bundle; sourceTree = "<group>"; };
		F4B58AB215AE022500E1A914 /* FBDialog.h */ = {isa = PBXFileReference; fileEncoding = 4; lastKnownFileType = sourcecode.c.h; path = FBDialog.h; sourceTree = "<group>"; };
		F4B58AB315AE022500E1A914 /* FBDialog.m */ = {isa = PBXFileReference; fileEncoding = 4; lastKnownFileType = sourcecode.c.objc; path = FBDialog.m; sourceTree = "<group>"; };
		F4B58AB415AE022500E1A914 /* FBFrictionlessRequestSettings.h */ = {isa = PBXFileReference; fileEncoding = 4; lastKnownFileType = sourcecode.c.h; path = FBFrictionlessRequestSettings.h; sourceTree = "<group>"; };
		F4B58AB515AE022500E1A914 /* FBFrictionlessRequestSettings.m */ = {isa = PBXFileReference; fileEncoding = 4; lastKnownFileType = sourcecode.c.objc; path = FBFrictionlessRequestSettings.m; sourceTree = "<group>"; };
		F4B58AB615AE022500E1A914 /* FBLoginDialog.h */ = {isa = PBXFileReference; fileEncoding = 4; lastKnownFileType = sourcecode.c.h; path = FBLoginDialog.h; sourceTree = "<group>"; };
		F4B58AB715AE022500E1A914 /* FBLoginDialog.m */ = {isa = PBXFileReference; fileEncoding = 4; lastKnownFileType = sourcecode.c.objc; path = FBLoginDialog.m; sourceTree = "<group>"; };
		F4B58AB815AE022500E1A914 /* FBRequest.h */ = {isa = PBXFileReference; fileEncoding = 4; lastKnownFileType = sourcecode.c.h; path = FBRequest.h; sourceTree = "<group>"; };
		F4B58AB915AE022500E1A914 /* FBRequest.m */ = {isa = PBXFileReference; fileEncoding = 4; lastKnownFileType = sourcecode.c.objc; path = FBRequest.m; sourceTree = "<group>"; };
		F4B58ABB15AE022500E1A914 /* JSON.h */ = {isa = PBXFileReference; fileEncoding = 4; lastKnownFileType = sourcecode.c.h; path = JSON.h; sourceTree = "<group>"; };
		F4B58ABC15AE022500E1A914 /* NSObject+SBJSON.h */ = {isa = PBXFileReference; fileEncoding = 4; lastKnownFileType = sourcecode.c.h; path = "NSObject+SBJSON.h"; sourceTree = "<group>"; };
		F4B58ABD15AE022500E1A914 /* NSObject+SBJSON.m */ = {isa = PBXFileReference; fileEncoding = 4; lastKnownFileType = sourcecode.c.objc; path = "NSObject+SBJSON.m"; sourceTree = "<group>"; };
		F4B58ABE15AE022500E1A914 /* NSString+SBJSON.h */ = {isa = PBXFileReference; fileEncoding = 4; lastKnownFileType = sourcecode.c.h; path = "NSString+SBJSON.h"; sourceTree = "<group>"; };
		F4B58ABF15AE022500E1A914 /* NSString+SBJSON.m */ = {isa = PBXFileReference; fileEncoding = 4; lastKnownFileType = sourcecode.c.objc; path = "NSString+SBJSON.m"; sourceTree = "<group>"; };
		F4B58AC015AE022500E1A914 /* SBJSON.h */ = {isa = PBXFileReference; fileEncoding = 4; lastKnownFileType = sourcecode.c.h; path = SBJSON.h; sourceTree = "<group>"; };
		F4B58AC115AE022500E1A914 /* SBJSON.m */ = {isa = PBXFileReference; fileEncoding = 4; lastKnownFileType = sourcecode.c.objc; path = SBJSON.m; sourceTree = "<group>"; };
		F4B58AC215AE022500E1A914 /* SBJsonBase.h */ = {isa = PBXFileReference; fileEncoding = 4; lastKnownFileType = sourcecode.c.h; path = SBJsonBase.h; sourceTree = "<group>"; };
		F4B58AC315AE022500E1A914 /* SBJsonBase.m */ = {isa = PBXFileReference; fileEncoding = 4; lastKnownFileType = sourcecode.c.objc; path = SBJsonBase.m; sourceTree = "<group>"; };
		F4B58AC415AE022500E1A914 /* SBJsonParser.h */ = {isa = PBXFileReference; fileEncoding = 4; lastKnownFileType = sourcecode.c.h; path = SBJsonParser.h; sourceTree = "<group>"; };
		F4B58AC515AE022500E1A914 /* SBJsonParser.m */ = {isa = PBXFileReference; fileEncoding = 4; lastKnownFileType = sourcecode.c.objc; path = SBJsonParser.m; sourceTree = "<group>"; };
		F4B58AC615AE022500E1A914 /* SBJsonWriter.h */ = {isa = PBXFileReference; fileEncoding = 4; lastKnownFileType = sourcecode.c.h; path = SBJsonWriter.h; sourceTree = "<group>"; };
		F4B58AC715AE022500E1A914 /* SBJsonWriter.m */ = {isa = PBXFileReference; fileEncoding = 4; lastKnownFileType = sourcecode.c.objc; path = SBJsonWriter.m; sourceTree = "<group>"; };
		F4B642AF15C6FF93006F34D9 /* AudioToolbox.framework */ = {isa = PBXFileReference; lastKnownFileType = wrapper.framework; name = AudioToolbox.framework; path = System/Library/Frameworks/AudioToolbox.framework; sourceTree = SDKROOT; };
		F4B642B315C703D0006F34D9 /* mail-sent.caf */ = {isa = PBXFileReference; lastKnownFileType = file; name = "mail-sent.caf"; path = "Resources/mail-sent.caf"; sourceTree = "<group>"; };
		F4C48DA61588FD6600528F1D /* WikiQuoteParser.h */ = {isa = PBXFileReference; fileEncoding = 4; lastKnownFileType = sourcecode.c.h; name = WikiQuoteParser.h; path = WikiAPI/WikiQuoteParser.h; sourceTree = "<group>"; };
		F4C48DA71588FD6600528F1D /* WikiQuoteParser.m */ = {isa = PBXFileReference; fileEncoding = 4; lastKnownFileType = sourcecode.c.objc; name = WikiQuoteParser.m; path = WikiAPI/WikiQuoteParser.m; sourceTree = "<group>"; };
		F4DEDF661574006500BD77CB /* Logger.h */ = {isa = PBXFileReference; fileEncoding = 4; lastKnownFileType = sourcecode.c.h; path = Logger.h; sourceTree = "<group>"; };
		F4DEDF671574006500BD77CB /* Logger.m */ = {isa = PBXFileReference; fileEncoding = 4; lastKnownFileType = sourcecode.c.objc; path = Logger.m; sourceTree = "<group>"; };
		F4DEDF6915740F4200BD77CB /* Quote.h */ = {isa = PBXFileReference; fileEncoding = 4; lastKnownFileType = sourcecode.c.h; name = Quote.h; path = WikiAPI/Quote.h; sourceTree = "<group>"; };
		F4DEDF6A15740F4200BD77CB /* Quote.m */ = {isa = PBXFileReference; fileEncoding = 4; lastKnownFileType = sourcecode.c.objc; name = Quote.m; path = WikiAPI/Quote.m; sourceTree = "<group>"; };
		F4DEDF701574136100BD77CB /* WikiQuoter.h */ = {isa = PBXFileReference; fileEncoding = 4; lastKnownFileType = sourcecode.c.h; name = WikiQuoter.h; path = WikiAPI/WikiQuoter.h; sourceTree = "<group>"; };
		F4DEDF711574136100BD77CB /* WikiQuoter.m */ = {isa = PBXFileReference; fileEncoding = 4; lastKnownFileType = sourcecode.c.objc; name = WikiQuoter.m; path = WikiAPI/WikiQuoter.m; sourceTree = "<group>"; };
		F4F3B2081577F407007AE88E /* WikiQuoteTests.octest */ = {isa = PBXFileReference; explicitFileType = wrapper.cfbundle; includeInIndex = 0; path = WikiQuoteTests.octest; sourceTree = BUILT_PRODUCTS_DIR; };
		F4F3B2091577F407007AE88E /* SenTestingKit.framework */ = {isa = PBXFileReference; lastKnownFileType = wrapper.framework; name = SenTestingKit.framework; path = Library/Frameworks/SenTestingKit.framework; sourceTree = DEVELOPER_DIR; };
		F4F3B20F1577F407007AE88E /* WikiQuoteTests-Info.plist */ = {isa = PBXFileReference; lastKnownFileType = text.plist.xml; path = "WikiQuoteTests-Info.plist"; sourceTree = "<group>"; };
		F4F3B2111577F407007AE88E /* en */ = {isa = PBXFileReference; lastKnownFileType = text.plist.strings; name = en; path = en.lproj/InfoPlist.strings; sourceTree = "<group>"; };
		F4F3B2131577F407007AE88E /* WikiQuoteTests.h */ = {isa = PBXFileReference; lastKnownFileType = sourcecode.c.h; path = WikiQuoteTests.h; sourceTree = "<group>"; };
		F4F3B2141577F407007AE88E /* WikiQuoteTests.m */ = {isa = PBXFileReference; lastKnownFileType = sourcecode.c.objc; path = WikiQuoteTests.m; sourceTree = "<group>"; };
		F4F3B2161577F407007AE88E /* WikiQuoteTests-Prefix.pch */ = {isa = PBXFileReference; lastKnownFileType = sourcecode.c.h; path = "WikiQuoteTests-Prefix.pch"; sourceTree = "<group>"; };
/* End PBXFileReference section */

/* Begin PBXFrameworksBuildPhase section */
		F45F3FC5156EACD90077D01C /* Frameworks */ = {
			isa = PBXFrameworksBuildPhase;
			buildActionMask = 2147483647;
			files = (
				F4B642B015C6FF93006F34D9 /* AudioToolbox.framework in Frameworks */,
				F4253C5115A619DE00EAA4E8 /* MessageUI.framework in Frameworks */,
				F4253C4E15A617F200EAA4E8 /* Twitter.framework in Frameworks */,
				F45F3FCD156EACD90077D01C /* UIKit.framework in Frameworks */,
				F45F3FCF156EACD90077D01C /* Foundation.framework in Frameworks */,
				F45F3FD1156EACD90077D01C /* CoreGraphics.framework in Frameworks */,
			);
			runOnlyForDeploymentPostprocessing = 0;
		};
		F4F3B2041577F407007AE88E /* Frameworks */ = {
			isa = PBXFrameworksBuildPhase;
			buildActionMask = 2147483647;
			files = (
				F4F3B20A1577F407007AE88E /* SenTestingKit.framework in Frameworks */,
				F4F3B20B1577F407007AE88E /* UIKit.framework in Frameworks */,
				F4F3B20C1577F407007AE88E /* Foundation.framework in Frameworks */,
			);
			runOnlyForDeploymentPostprocessing = 0;
		};
/* End PBXFrameworksBuildPhase section */

/* Begin PBXGroup section */
		F42936A1156FF6970034F723 /* Images */ = {
			isa = PBXGroup;
			children = (
				F42936A2156FF6970034F723 /* Backgrounds */,
				F42936A4156FF6970034F723 /* Icons */,
				F42936A5156FF6970034F723 /* Splashes */,
				F42936A6156FF6970034F723 /* v_frame_iphone.png */,
				F4A52A1D159B89D500DA37BD /* h_frame_iphone.png */,
				F4B454C8159F07CE00CD82F4 /* v_bottom_background_iphone.png */,
				F4B454D215A0602A00CD82F4 /* facebook_iphone.png */,
				F4B454D915A06C2300CD82F4 /* twitter_iphone.png */,
				F4B454D515A06C1900CD82F4 /* email_iphone.png */,
				F4B454D615A06C1900CD82F4 /* googleplus_iphone.png */,
				F4B454DB15A0781200CD82F4 /* lang_button.png */,
			);
			path = Images;
			sourceTree = "<group>";
		};
		F42936A2156FF6970034F723 /* Backgrounds */ = {
			isa = PBXGroup;
			children = (
				F42936A9156FFA070034F723 /* background@2x.png */,
			);
			path = Backgrounds;
			sourceTree = "<group>";
		};
		F42936A4156FF6970034F723 /* Icons */ = {
			isa = PBXGroup;
			children = (
			);
			path = Icons;
			sourceTree = "<group>";
		};
		F42936A5156FF6970034F723 /* Splashes */ = {
			isa = PBXGroup;
			children = (
				F43DA53515C551C200C7CEFD /* Default-Landscape.png */,
				F43DA53115C54FEF00C7CEFD /* Default-Landscape@2x.png */,
				F43DA53315C550F200C7CEFD /* Default.png */,
				F43DA52F15C54F9B00C7CEFD /* Default@2x.png */,
			);
			path = Splashes;
			sourceTree = "<group>";
		};
		F45F3FBD156EACD90077D01C = {
			isa = PBXGroup;
			children = (
				F45F3FD2156EACD90077D01C /* WikiQuote */,
				F4F3B20D1577F407007AE88E /* WikiQuoteTests */,
				F45F3FCB156EACD90077D01C /* Frameworks */,
				F45F3FC9156EACD90077D01C /* Products */,
			);
			sourceTree = "<group>";
		};
		F45F3FC9156EACD90077D01C /* Products */ = {
			isa = PBXGroup;
			children = (
				F45F3FC8156EACD90077D01C /* WikiQuote.app */,
				F4F3B2081577F407007AE88E /* WikiQuoteTests.octest */,
			);
			name = Products;
			sourceTree = "<group>";
		};
		F45F3FCB156EACD90077D01C /* Frameworks */ = {
			isa = PBXGroup;
			children = (
				F4B642AF15C6FF93006F34D9 /* AudioToolbox.framework */,
				F4253C5015A619DE00EAA4E8 /* MessageUI.framework */,
				F4253C4D15A617F200EAA4E8 /* Twitter.framework */,
				F45F3FCC156EACD90077D01C /* UIKit.framework */,
				F45F3FCE156EACD90077D01C /* Foundation.framework */,
				F45F3FD0156EACD90077D01C /* CoreGraphics.framework */,
				F4F3B2091577F407007AE88E /* SenTestingKit.framework */,
			);
			name = Frameworks;
			sourceTree = "<group>";
		};
		F45F3FD2156EACD90077D01C /* WikiQuote */ = {
			isa = PBXGroup;
			children = (
				F4B642B215C703BE006F34D9 /* Audio */,
				F42936A1156FF6970034F723 /* Images */,
				F45F4012156ED9580077D01C /* Fonts */,
				F45F4006156EC2220077D01C /* Icons */,
				F45F3FF4156EAEC80077D01C /* Xibs */,
				F45F3FEC156EAE610077D01C /* Classes */,
				F45F3FD3156EACD90077D01C /* Supporting Files */,
			);
			path = WikiQuote;
			sourceTree = "<group>";
		};
		F45F3FD3156EACD90077D01C /* Supporting Files */ = {
			isa = PBXGroup;
			children = (
				F45F3FD4156EACD90077D01C /* WikiQuote-Info.plist */,
				F45F3FD5156EACD90077D01C /* InfoPlist.strings */,
				F45F3FD8156EACD90077D01C /* main.m */,
				F45F3FDA156EACD90077D01C /* WikiQuote-Prefix.pch */,
			);
			name = "Supporting Files";
			sourceTree = "<group>";
		};
		F45F3FEC156EAE610077D01C /* Classes */ = {
			isa = PBXGroup;
			children = (
				F4B58AAD15AE022500E1A914 /* Facebook */,
				F4DEDF6C1574100D00BD77CB /* WikiAPI */,
				F45F3FEF156EAE610077D01C /* Utils */,
				F45F3FED156EAE610077D01C /* AppDelegate.h */,
				F45F3FEE156EAE610077D01C /* AppDelegate.m */,
				F45F3FF0156EAE610077D01C /* InfinityPagesViewController.h */,
				F45F3FF1156EAE610077D01C /* InfinityPagesViewController.m */,
				F429369B156FEF2B0034F723 /* QuoteViewController.h */,
				F429369C156FEF2B0034F723 /* QuoteViewController.m */,
			);
			path = Classes;
			sourceTree = "<group>";
		};
		F45F3FEF156EAE610077D01C /* Utils */ = {
			isa = PBXGroup;
			children = (
				F420AA1F15767F5800CE9DC8 /* Common.h */,
				F420AA2015767F5800CE9DC8 /* StringUtils.h */,
				F420AA2115767F5800CE9DC8 /* StringUtils.m */,
				F420AA2215767F5800CE9DC8 /* SynthesizeSingleton.h */,
				F4DEDF661574006500BD77CB /* Logger.h */,
				F4DEDF671574006500BD77CB /* Logger.m */,
				F4B454CB15A05AD700CD82F4 /* UIUtils.h */,
				F4B454CC15A05AD700CD82F4 /* UIUtils.m */,
			);
			path = Utils;
			sourceTree = "<group>";
		};
		F45F3FF4156EAEC80077D01C /* Xibs */ = {
			isa = PBXGroup;
			children = (
				F45F3FF5156EAEE20077D01C /* InfinityPagesViewController_iPad.xib */,
				F45F3FF7156EAEE20077D01C /* InfinityPagesViewController_iPhone.xib */,
				F429369F156FF0250034F723 /* QuoteViewController.xib */,
			);
			name = Xibs;
			sourceTree = "<group>";
		};
		F45F4006156EC2220077D01C /* Icons */ = {
			isa = PBXGroup;
			children = (
				F45F4007156EC2730077D01C /* Icon512.png */,
				F45F4002156EC1FE0077D01C /* Icon@2x.png */,
				F45F4004156EC20D0077D01C /* Icon72.png */,
				F45F3FFF156EC1F30077D01C /* Icon.png */,
			);
			name = Icons;
			sourceTree = "<group>";
		};
		F45F4012156ED9580077D01C /* Fonts */ = {
			isa = PBXGroup;
			children = (
				F45F400F156ED94D0077D01C /* Philosopher.otf */,
			);
			name = Fonts;
			sourceTree = "<group>";
		};
		F4B58AAD15AE022500E1A914 /* Facebook */ = {
			isa = PBXGroup;
			children = (
				F4B58AAE15AE022500E1A914 /* Facebook.h */,
				F4B58AAF15AE022500E1A914 /* Facebook.m */,
				F4B58AB015AE022500E1A914 /* FBConnect.h */,
				F4B58AB115AE022500E1A914 /* FBDialog.bundle */,
				F4B58AB215AE022500E1A914 /* FBDialog.h */,
				F4B58AB315AE022500E1A914 /* FBDialog.m */,
				F4B58AB415AE022500E1A914 /* FBFrictionlessRequestSettings.h */,
				F4B58AB515AE022500E1A914 /* FBFrictionlessRequestSettings.m */,
				F4B58AB615AE022500E1A914 /* FBLoginDialog.h */,
				F4B58AB715AE022500E1A914 /* FBLoginDialog.m */,
				F4B58AB815AE022500E1A914 /* FBRequest.h */,
				F4B58AB915AE022500E1A914 /* FBRequest.m */,
				F4B58ABA15AE022500E1A914 /* JSON */,
			);
			path = Facebook;
			sourceTree = "<group>";
		};
		F4B58ABA15AE022500E1A914 /* JSON */ = {
			isa = PBXGroup;
			children = (
				F4B58ABB15AE022500E1A914 /* JSON.h */,
				F4B58ABC15AE022500E1A914 /* NSObject+SBJSON.h */,
				F4B58ABD15AE022500E1A914 /* NSObject+SBJSON.m */,
				F4B58ABE15AE022500E1A914 /* NSString+SBJSON.h */,
				F4B58ABF15AE022500E1A914 /* NSString+SBJSON.m */,
				F4B58AC015AE022500E1A914 /* SBJSON.h */,
				F4B58AC115AE022500E1A914 /* SBJSON.m */,
				F4B58AC215AE022500E1A914 /* SBJsonBase.h */,
				F4B58AC315AE022500E1A914 /* SBJsonBase.m */,
				F4B58AC415AE022500E1A914 /* SBJsonParser.h */,
				F4B58AC515AE022500E1A914 /* SBJsonParser.m */,
				F4B58AC615AE022500E1A914 /* SBJsonWriter.h */,
				F4B58AC715AE022500E1A914 /* SBJsonWriter.m */,
			);
			path = JSON;
			sourceTree = "<group>";
		};
		F4B642B215C703BE006F34D9 /* Audio */ = {
			isa = PBXGroup;
			children = (
				F4B642B315C703D0006F34D9 /* mail-sent.caf */,
			);
			name = Audio;
			sourceTree = "<group>";
		};
		F4DEDF6C1574100D00BD77CB /* WikiAPI */ = {
			isa = PBXGroup;
			children = (
				F4DEDF6915740F4200BD77CB /* Quote.h */,
				F4DEDF6A15740F4200BD77CB /* Quote.m */,
				F4DEDF701574136100BD77CB /* WikiQuoter.h */,
				F4DEDF711574136100BD77CB /* WikiQuoter.m */,
				F4C48DA61588FD6600528F1D /* WikiQuoteParser.h */,
				F4C48DA71588FD6600528F1D /* WikiQuoteParser.m */,
			);
			name = WikiAPI;
			sourceTree = "<group>";
		};
		F4F3B20D1577F407007AE88E /* WikiQuoteTests */ = {
			isa = PBXGroup;
			children = (
				F4F3B2131577F407007AE88E /* WikiQuoteTests.h */,
				F4F3B2141577F407007AE88E /* WikiQuoteTests.m */,
				F4F3B20E1577F407007AE88E /* Supporting Files */,
			);
			path = WikiQuoteTests;
			sourceTree = "<group>";
		};
		F4F3B20E1577F407007AE88E /* Supporting Files */ = {
			isa = PBXGroup;
			children = (
				F4F3B20F1577F407007AE88E /* WikiQuoteTests-Info.plist */,
				F4F3B2101577F407007AE88E /* InfoPlist.strings */,
				F4F3B2161577F407007AE88E /* WikiQuoteTests-Prefix.pch */,
			);
			name = "Supporting Files";
			sourceTree = "<group>";
		};
/* End PBXGroup section */

/* Begin PBXNativeTarget section */
		F45F3FC7156EACD90077D01C /* WikiQuote */ = {
			isa = PBXNativeTarget;
			buildConfigurationList = F45F3FE9156EACD90077D01C /* Build configuration list for PBXNativeTarget "WikiQuote" */;
			buildPhases = (
				F45F3FC4156EACD90077D01C /* Sources */,
				F45F3FC5156EACD90077D01C /* Frameworks */,
				F45F3FC6156EACD90077D01C /* Resources */,
			);
			buildRules = (
			);
			dependencies = (
			);
			name = WikiQuote;
			productName = WikiQuote;
			productReference = F45F3FC8156EACD90077D01C /* WikiQuote.app */;
			productType = "com.apple.product-type.application";
		};
		F4F3B2071577F407007AE88E /* WikiQuoteTests */ = {
			isa = PBXNativeTarget;
			buildConfigurationList = F4F3B2191577F407007AE88E /* Build configuration list for PBXNativeTarget "WikiQuoteTests" */;
			buildPhases = (
				F4F3B2031577F407007AE88E /* Sources */,
				F4F3B2041577F407007AE88E /* Frameworks */,
				F4F3B2051577F407007AE88E /* Resources */,
				F4F3B2061577F407007AE88E /* ShellScript */,
			);
			buildRules = (
			);
			dependencies = (
			);
			name = WikiQuoteTests;
			productName = WikiQuoteTests;
			productReference = F4F3B2081577F407007AE88E /* WikiQuoteTests.octest */;
			productType = "com.apple.product-type.bundle";
		};
/* End PBXNativeTarget section */

/* Begin PBXProject section */
		F45F3FBF156EACD90077D01C /* Project object */ = {
			isa = PBXProject;
			attributes = {
				LastUpgradeCheck = 0440;
				ORGANIZATIONNAME = shtykhno.net;
			};
			buildConfigurationList = F45F3FC2156EACD90077D01C /* Build configuration list for PBXProject "WikiQuote" */;
			compatibilityVersion = "Xcode 3.2";
			developmentRegion = English;
			hasScannedForEncodings = 0;
			knownRegions = (
				en,
			);
			mainGroup = F45F3FBD156EACD90077D01C;
			productRefGroup = F45F3FC9156EACD90077D01C /* Products */;
			projectDirPath = "";
			projectRoot = "";
			targets = (
				F45F3FC7156EACD90077D01C /* WikiQuote */,
				F4F3B2071577F407007AE88E /* WikiQuoteTests */,
			);
		};
/* End PBXProject section */

/* Begin PBXResourcesBuildPhase section */
		F45F3FC6156EACD90077D01C /* Resources */ = {
			isa = PBXResourcesBuildPhase;
			buildActionMask = 2147483647;
			files = (
				F45F3FD7156EACD90077D01C /* InfoPlist.strings in Resources */,
				F45F3FF9156EAEE20077D01C /* InfinityPagesViewController_iPad.xib in Resources */,
				F45F3FFA156EAEE20077D01C /* InfinityPagesViewController_iPhone.xib in Resources */,
				F45F4000156EC1F30077D01C /* Icon.png in Resources */,
				F45F4003156EC1FE0077D01C /* Icon@2x.png in Resources */,
				F45F4005156EC20D0077D01C /* Icon72.png in Resources */,
				F45F4008156EC2730077D01C /* Icon512.png in Resources */,
				F45F4010156ED94D0077D01C /* Philosopher.otf in Resources */,
				F42936A0156FF0250034F723 /* QuoteViewController.xib in Resources */,
				F42936A8156FF6970034F723 /* v_frame_iphone.png in Resources */,
				F42936AA156FFA070034F723 /* background@2x.png in Resources */,
				F4A52A1E159B89D500DA37BD /* h_frame_iphone.png in Resources */,
				F4B454C9159F07CE00CD82F4 /* v_bottom_background_iphone.png in Resources */,
				F4B454D315A0602A00CD82F4 /* facebook_iphone.png in Resources */,
				F4B454D715A06C1900CD82F4 /* email_iphone.png in Resources */,
				F4B454D815A06C1900CD82F4 /* googleplus_iphone.png in Resources */,
				F4B454DA15A06C2300CD82F4 /* twitter_iphone.png in Resources */,
				F4B454DC15A0781300CD82F4 /* lang_button.png in Resources */,
				F4B58ACA15AE022500E1A914 /* FBDialog.bundle in Resources */,
				F43DA53015C54F9B00C7CEFD /* Default@2x.png in Resources */,
				F43DA53215C54FEF00C7CEFD /* Default-Landscape@2x.png in Resources */,
				F43DA53415C550F200C7CEFD /* Default.png in Resources */,
				F43DA53615C551C200C7CEFD /* Default-Landscape.png in Resources */,
				F4B642B415C703D0006F34D9 /* mail-sent.caf in Resources */,
			);
			runOnlyForDeploymentPostprocessing = 0;
		};
		F4F3B2051577F407007AE88E /* Resources */ = {
			isa = PBXResourcesBuildPhase;
			buildActionMask = 2147483647;
			files = (
				F4F3B2121577F407007AE88E /* InfoPlist.strings in Resources */,
				F4B454D415A0602A00CD82F4 /* facebook_iphone.png in Resources */,
				F4B58ACB15AE022500E1A914 /* FBDialog.bundle in Resources */,
			);
			runOnlyForDeploymentPostprocessing = 0;
		};
/* End PBXResourcesBuildPhase section */

/* Begin PBXShellScriptBuildPhase section */
		F4F3B2061577F407007AE88E /* ShellScript */ = {
			isa = PBXShellScriptBuildPhase;
			buildActionMask = 2147483647;
			files = (
			);
			inputPaths = (
			);
			outputPaths = (
			);
			runOnlyForDeploymentPostprocessing = 0;
			shellPath = /bin/sh;
			shellScript = "# Run the unit tests in this test bundle.\n\"${SYSTEM_DEVELOPER_DIR}/Tools/RunUnitTests\"\n";
		};
/* End PBXShellScriptBuildPhase section */

/* Begin PBXSourcesBuildPhase section */
		F45F3FC4156EACD90077D01C /* Sources */ = {
			isa = PBXSourcesBuildPhase;
			buildActionMask = 2147483647;
			files = (
				F45F3FD9156EACD90077D01C /* main.m in Sources */,
				F45F3FF2156EAE610077D01C /* AppDelegate.m in Sources */,
				F45F3FF3156EAE610077D01C /* InfinityPagesViewController.m in Sources */,
				F429369D156FEF2B0034F723 /* QuoteViewController.m in Sources */,
				F4DEDF681574006500BD77CB /* Logger.m in Sources */,
				F4DEDF6B15740F4200BD77CB /* Quote.m in Sources */,
				F4DEDF721574136100BD77CB /* WikiQuoter.m in Sources */,
				F420AA2315767F5800CE9DC8 /* StringUtils.m in Sources */,
				F4C48DA81588FD6600528F1D /* WikiQuoteParser.m in Sources */,
				F4B454CD15A05AD700CD82F4 /* UIUtils.m in Sources */,
				F4B58AC815AE022500E1A914 /* Facebook.m in Sources */,
				F4B58ACC15AE022500E1A914 /* FBDialog.m in Sources */,
				F4B58ACE15AE022500E1A914 /* FBFrictionlessRequestSettings.m in Sources */,
				F4B58AD015AE022500E1A914 /* FBLoginDialog.m in Sources */,
				F4B58AD215AE022500E1A914 /* FBRequest.m in Sources */,
				F4B58AD415AE022500E1A914 /* NSObject+SBJSON.m in Sources */,
				F4B58AD615AE022500E1A914 /* NSString+SBJSON.m in Sources */,
				F4B58AD815AE022500E1A914 /* SBJSON.m in Sources */,
				F4B58ADA15AE022500E1A914 /* SBJsonBase.m in Sources */,
				F4B58ADC15AE022500E1A914 /* SBJsonParser.m in Sources */,
				F4B58ADE15AE022500E1A914 /* SBJsonWriter.m in Sources */,
			);
			runOnlyForDeploymentPostprocessing = 0;
		};
		F4F3B2031577F407007AE88E /* Sources */ = {
			isa = PBXSourcesBuildPhase;
			buildActionMask = 2147483647;
			files = (
				F418DFA9159A348100AAEDE6 /* StringUtils.m in Sources */,
				F4F3B21C1577F516007AE88E /* Quote.m in Sources */,
				F4F3B21B1577F50D007AE88E /* WikiQuoter.m in Sources */,
				F4F3B2151577F407007AE88E /* WikiQuoteTests.m in Sources */,
				F4C48DA91588FD6600528F1D /* WikiQuoteParser.m in Sources */,
				F4B454CE15A05AD700CD82F4 /* UIUtils.m in Sources */,
				F4B58AC915AE022500E1A914 /* Facebook.m in Sources */,
				F4B58ACD15AE022500E1A914 /* FBDialog.m in Sources */,
				F4B58ACF15AE022500E1A914 /* FBFrictionlessRequestSettings.m in Sources */,
				F4B58AD115AE022500E1A914 /* FBLoginDialog.m in Sources */,
				F4B58AD315AE022500E1A914 /* FBRequest.m in Sources */,
				F4B58AD515AE022500E1A914 /* NSObject+SBJSON.m in Sources */,
				F4B58AD715AE022500E1A914 /* NSString+SBJSON.m in Sources */,
				F4B58AD915AE022500E1A914 /* SBJSON.m in Sources */,
				F4B58ADB15AE022500E1A914 /* SBJsonBase.m in Sources */,
				F4B58ADD15AE022500E1A914 /* SBJsonParser.m in Sources */,
				F4B58ADF15AE022500E1A914 /* SBJsonWriter.m in Sources */,
			);
			runOnlyForDeploymentPostprocessing = 0;
		};
/* End PBXSourcesBuildPhase section */

/* Begin PBXVariantGroup section */
		F45F3FD5156EACD90077D01C /* InfoPlist.strings */ = {
			isa = PBXVariantGroup;
			children = (
				F45F3FD6156EACD90077D01C /* en */,
			);
			name = InfoPlist.strings;
			sourceTree = "<group>";
		};
		F45F3FF5156EAEE20077D01C /* InfinityPagesViewController_iPad.xib */ = {
			isa = PBXVariantGroup;
			children = (
				F45F3FF6156EAEE20077D01C /* en */,
			);
			name = InfinityPagesViewController_iPad.xib;
			sourceTree = "<group>";
		};
		F45F3FF7156EAEE20077D01C /* InfinityPagesViewController_iPhone.xib */ = {
			isa = PBXVariantGroup;
			children = (
				F45F3FF8156EAEE20077D01C /* en */,
			);
			name = InfinityPagesViewController_iPhone.xib;
			sourceTree = "<group>";
		};
		F4F3B2101577F407007AE88E /* InfoPlist.strings */ = {
			isa = PBXVariantGroup;
			children = (
				F4F3B2111577F407007AE88E /* en */,
			);
			name = InfoPlist.strings;
			sourceTree = "<group>";
		};
/* End PBXVariantGroup section */

/* Begin XCBuildConfiguration section */
		F45F3FE7156EACD90077D01C /* Debug */ = {
			isa = XCBuildConfiguration;
			buildSettings = {
				ALWAYS_SEARCH_USER_PATHS = NO;
				ARCHS = "$(ARCHS_STANDARD_32_BIT)";
				"CODE_SIGN_IDENTITY[sdk=iphoneos*]" = "iPhone Developer";
				COPY_PHASE_STRIP = NO;
				GCC_C_LANGUAGE_STANDARD = gnu99;
				GCC_DYNAMIC_NO_PIC = NO;
				GCC_OPTIMIZATION_LEVEL = 0;
				GCC_PREPROCESSOR_DEFINITIONS = (
					"DEBUG=1",
					"$(inherited)",
				);
				GCC_SYMBOLS_PRIVATE_EXTERN = NO;
				GCC_VERSION = com.apple.compilers.llvm.clang.1_0;
				GCC_WARN_ABOUT_MISSING_PROTOTYPES = YES;
				GCC_WARN_ABOUT_RETURN_TYPE = YES;
				GCC_WARN_UNUSED_VARIABLE = YES;
				IPHONEOS_DEPLOYMENT_TARGET = 5.0;
				SDKROOT = iphoneos;
				TARGETED_DEVICE_FAMILY = "1,2";
			};
			name = Debug;
		};
		F45F3FE8156EACD90077D01C /* Release */ = {
			isa = XCBuildConfiguration;
			buildSettings = {
				ALWAYS_SEARCH_USER_PATHS = NO;
				ARCHS = "$(ARCHS_STANDARD_32_BIT)";
				"CODE_SIGN_IDENTITY[sdk=iphoneos*]" = "iPhone Developer";
				COPY_PHASE_STRIP = YES;
				GCC_C_LANGUAGE_STANDARD = gnu99;
				GCC_VERSION = com.apple.compilers.llvm.clang.1_0;
				GCC_WARN_ABOUT_MISSING_PROTOTYPES = YES;
				GCC_WARN_ABOUT_RETURN_TYPE = YES;
				GCC_WARN_UNUSED_VARIABLE = YES;
				IPHONEOS_DEPLOYMENT_TARGET = 5.0;
				OTHER_CFLAGS = "-DNS_BLOCK_ASSERTIONS=1";
				SDKROOT = iphoneos;
				TARGETED_DEVICE_FAMILY = "1,2";
				VALIDATE_PRODUCT = YES;
			};
			name = Release;
		};
		F45F3FEA156EACD90077D01C /* Debug */ = {
			isa = XCBuildConfiguration;
			buildSettings = {
				GCC_PRECOMPILE_PREFIX_HEADER = YES;
				GCC_PREFIX_HEADER = "WikiQuote/WikiQuote-Prefix.pch";
				INFOPLIST_FILE = "WikiQuote/WikiQuote-Info.plist";
				PRODUCT_NAME = "$(TARGET_NAME)";
				TARGETED_DEVICE_FAMILY = 1;
				WRAPPER_EXTENSION = app;
			};
			name = Debug;
		};
		F45F3FEB156EACD90077D01C /* Release */ = {
			isa = XCBuildConfiguration;
			buildSettings = {
				GCC_PRECOMPILE_PREFIX_HEADER = YES;
				GCC_PREFIX_HEADER = "WikiQuote/WikiQuote-Prefix.pch";
				INFOPLIST_FILE = "WikiQuote/WikiQuote-Info.plist";
				PRODUCT_NAME = "$(TARGET_NAME)";
				TARGETED_DEVICE_FAMILY = 1;
				WRAPPER_EXTENSION = app;
			};
			name = Release;
		};
		F4F3B2171577F407007AE88E /* Debug */ = {
			isa = XCBuildConfiguration;
			buildSettings = {
				FRAMEWORK_SEARCH_PATHS = (
					"$(SDKROOT)/Developer/Library/Frameworks",
					"$(DEVELOPER_LIBRARY_DIR)/Frameworks",
				);
				GCC_PRECOMPILE_PREFIX_HEADER = YES;
				GCC_PREFIX_HEADER = "WikiQuoteTests/WikiQuoteTests-Prefix.pch";
				INFOPLIST_FILE = "WikiQuoteTests/WikiQuoteTests-Info.plist";
				PRODUCT_NAME = "$(TARGET_NAME)";
				WRAPPER_EXTENSION = octest;
			};
			name = Debug;
		};
		F4F3B2181577F407007AE88E /* Release */ = {
			isa = XCBuildConfiguration;
			buildSettings = {
				FRAMEWORK_SEARCH_PATHS = (
					"$(SDKROOT)/Developer/Library/Frameworks",
					"$(DEVELOPER_LIBRARY_DIR)/Frameworks",
				);
				GCC_PRECOMPILE_PREFIX_HEADER = YES;
				GCC_PREFIX_HEADER = "WikiQuoteTests/WikiQuoteTests-Prefix.pch";
				INFOPLIST_FILE = "WikiQuoteTests/WikiQuoteTests-Info.plist";
				PRODUCT_NAME = "$(TARGET_NAME)";
				WRAPPER_EXTENSION = octest;
			};
			name = Release;
		};
/* End XCBuildConfiguration section */

/* Begin XCConfigurationList section */
		F45F3FC2156EACD90077D01C /* Build configuration list for PBXProject "WikiQuote" */ = {
			isa = XCConfigurationList;
			buildConfigurations = (
				F45F3FE7156EACD90077D01C /* Debug */,
				F45F3FE8156EACD90077D01C /* Release */,
			);
			defaultConfigurationIsVisible = 0;
			defaultConfigurationName = Release;
		};
		F45F3FE9156EACD90077D01C /* Build configuration list for PBXNativeTarget "WikiQuote" */ = {
			isa = XCConfigurationList;
			buildConfigurations = (
				F45F3FEA156EACD90077D01C /* Debug */,
				F45F3FEB156EACD90077D01C /* Release */,
			);
			defaultConfigurationIsVisible = 0;
			defaultConfigurationName = Release;
		};
		F4F3B2191577F407007AE88E /* Build configuration list for PBXNativeTarget "WikiQuoteTests" */ = {
			isa = XCConfigurationList;
			buildConfigurations = (
				F4F3B2171577F407007AE88E /* Debug */,
				F4F3B2181577F407007AE88E /* Release */,
			);
			defaultConfigurationIsVisible = 0;
			defaultConfigurationName = Release;
		};
/* End XCConfigurationList section */
	};
	rootObject = F45F3FBF156EACD90077D01C /* Project object */;
}
