// !$*UTF8*$!
{
	archiveVersion = 1;
	classes = {
	};
	objectVersion = 46;
	objects = {

/* Begin PBXBuildFile section */
		F420AA2315767F5800CE9DC8 /* StringUtils.m in Sources */ = {isa = PBXBuildFile; fileRef = F420AA2115767F5800CE9DC8 /* StringUtils.m */; };
		F429369D156FEF2B0034F723 /* QuoteViewController.m in Sources */ = {isa = PBXBuildFile; fileRef = F429369C156FEF2B0034F723 /* QuoteViewController.m */; };
		F42936A0156FF0250034F723 /* QuoteViewController.xib in Resources */ = {isa = PBXBuildFile; fileRef = F429369F156FF0250034F723 /* QuoteViewController.xib */; };
		F42936A8156FF6970034F723 /* v_frame_iphone.png in Resources */ = {isa = PBXBuildFile; fileRef = F42936A6156FF6970034F723 /* v_frame_iphone.png */; };
		F42936AA156FFA070034F723 /* background@2x.png in Resources */ = {isa = PBXBuildFile; fileRef = F42936A9156FFA070034F723 /* background@2x.png */; };
		F45F3FCD156EACD90077D01C /* UIKit.framework in Frameworks */ = {isa = PBXBuildFile; fileRef = F45F3FCC156EACD90077D01C /* UIKit.framework */; };
		F45F3FCF156EACD90077D01C /* Foundation.framework in Frameworks */ = {isa = PBXBuildFile; fileRef = F45F3FCE156EACD90077D01C /* Foundation.framework */; };
		F45F3FD1156EACD90077D01C /* CoreGraphics.framework in Frameworks */ = {isa = PBXBuildFile; fileRef = F45F3FD0156EACD90077D01C /* CoreGraphics.framework */; };
		F45F3FD7156EACD90077D01C /* InfoPlist.strings in Resources */ = {isa = PBXBuildFile; fileRef = F45F3FD5156EACD90077D01C /* InfoPlist.strings */; };
		F45F3FD9156EACD90077D01C /* main.m in Sources */ = {isa = PBXBuildFile; fileRef = F45F3FD8156EACD90077D01C /* main.m */; };
		F45F3FF2156EAE610077D01C /* AppDelegate.m in Sources */ = {isa = PBXBuildFile; fileRef = F45F3FEE156EAE610077D01C /* AppDelegate.m */; };
		F45F3FF3156EAE610077D01C /* InfinityPagesViewController.m in Sources */ = {isa = PBXBuildFile; fileRef = F45F3FF1156EAE610077D01C /* InfinityPagesViewController.m */; };
		F45F3FF9156EAEE20077D01C /* InfinityPagesViewController_iPad.xib in Resources */ = {isa = PBXBuildFile; fileRef = F45F3FF5156EAEE20077D01C /* InfinityPagesViewController_iPad.xib */; };
		F45F3FFA156EAEE20077D01C /* InfinityPagesViewController_iPhone.xib in Resources */ = {isa = PBXBuildFile; fileRef = F45F3FF7156EAEE20077D01C /* InfinityPagesViewController_iPhone.xib */; };
		F45F4000156EC1F30077D01C /* Icon.png in Resources */ = {isa = PBXBuildFile; fileRef = F45F3FFF156EC1F30077D01C /* Icon.png */; };
		F45F4003156EC1FE0077D01C /* Icon@2x.png in Resources */ = {isa = PBXBuildFile; fileRef = F45F4002156EC1FE0077D01C /* Icon@2x.png */; };
		F45F4005156EC20D0077D01C /* Icon72.png in Resources */ = {isa = PBXBuildFile; fileRef = F45F4004156EC20D0077D01C /* Icon72.png */; };
		F45F4008156EC2730077D01C /* Icon512.png in Resources */ = {isa = PBXBuildFile; fileRef = F45F4007156EC2730077D01C /* Icon512.png */; };
		F45F4010156ED94D0077D01C /* Philosopher.otf in Resources */ = {isa = PBXBuildFile; fileRef = F45F400F156ED94D0077D01C /* Philosopher.otf */; };
		F4DEDF681574006500BD77CB /* Logger.m in Sources */ = {isa = PBXBuildFile; fileRef = F4DEDF671574006500BD77CB /* Logger.m */; };
		F4DEDF6B15740F4200BD77CB /* Quote.m in Sources */ = {isa = PBXBuildFile; fileRef = F4DEDF6A15740F4200BD77CB /* Quote.m */; };
		F4DEDF721574136100BD77CB /* WikiQuoter.m in Sources */ = {isa = PBXBuildFile; fileRef = F4DEDF711574136100BD77CB /* WikiQuoter.m */; };
/* End PBXBuildFile section */

/* Begin PBXFileReference section */
		F420AA1F15767F5800CE9DC8 /* Common.h */ = {isa = PBXFileReference; fileEncoding = 4; lastKnownFileType = sourcecode.c.h; path = Common.h; sourceTree = "<group>"; };
		F420AA2015767F5800CE9DC8 /* StringUtils.h */ = {isa = PBXFileReference; fileEncoding = 4; lastKnownFileType = sourcecode.c.h; path = StringUtils.h; sourceTree = "<group>"; };
		F420AA2115767F5800CE9DC8 /* StringUtils.m */ = {isa = PBXFileReference; fileEncoding = 4; lastKnownFileType = sourcecode.c.objc; path = StringUtils.m; sourceTree = "<group>"; };
		F420AA2215767F5800CE9DC8 /* SynthesizeSingleton.h */ = {isa = PBXFileReference; fileEncoding = 4; lastKnownFileType = sourcecode.c.h; path = SynthesizeSingleton.h; sourceTree = "<group>"; };
		F429369B156FEF2B0034F723 /* QuoteViewController.h */ = {isa = PBXFileReference; fileEncoding = 4; path = QuoteViewController.h; sourceTree = "<group>"; };
		F429369C156FEF2B0034F723 /* QuoteViewController.m */ = {isa = PBXFileReference; fileEncoding = 4; lastKnownFileType = sourcecode.c.objc; path = QuoteViewController.m; sourceTree = "<group>"; };
		F429369F156FF0250034F723 /* QuoteViewController.xib */ = {isa = PBXFileReference; fileEncoding = 4; lastKnownFileType = file.xib; path = QuoteViewController.xib; sourceTree = "<group>"; };
		F42936A6156FF6970034F723 /* v_frame_iphone.png */ = {isa = PBXFileReference; lastKnownFileType = image.png; path = v_frame_iphone.png; sourceTree = "<group>"; };
		F42936A9156FFA070034F723 /* background@2x.png */ = {isa = PBXFileReference; lastKnownFileType = image.png; path = "background@2x.png"; sourceTree = "<group>"; };
		F45F3FC8156EACD90077D01C /* WikiQuote.app */ = {isa = PBXFileReference; explicitFileType = wrapper.application; includeInIndex = 0; path = WikiQuote.app; sourceTree = BUILT_PRODUCTS_DIR; };
		F45F3FCC156EACD90077D01C /* UIKit.framework */ = {isa = PBXFileReference; lastKnownFileType = wrapper.framework; name = UIKit.framework; path = System/Library/Frameworks/UIKit.framework; sourceTree = SDKROOT; };
		F45F3FCE156EACD90077D01C /* Foundation.framework */ = {isa = PBXFileReference; lastKnownFileType = wrapper.framework; name = Foundation.framework; path = System/Library/Frameworks/Foundation.framework; sourceTree = SDKROOT; };
		F45F3FD0156EACD90077D01C /* CoreGraphics.framework */ = {isa = PBXFileReference; lastKnownFileType = wrapper.framework; name = CoreGraphics.framework; path = System/Library/Frameworks/CoreGraphics.framework; sourceTree = SDKROOT; };
		F45F3FD4156EACD90077D01C /* WikiQuote-Info.plist */ = {isa = PBXFileReference; lastKnownFileType = text.plist.xml; path = "WikiQuote-Info.plist"; sourceTree = "<group>"; };
		F45F3FD6156EACD90077D01C /* en */ = {isa = PBXFileReference; lastKnownFileType = text.plist.strings; name = en; path = en.lproj/InfoPlist.strings; sourceTree = "<group>"; };
		F45F3FD8156EACD90077D01C /* main.m */ = {isa = PBXFileReference; lastKnownFileType = sourcecode.c.objc; path = main.m; sourceTree = "<group>"; };
		F45F3FDA156EACD90077D01C /* WikiQuote-Prefix.pch */ = {isa = PBXFileReference; lastKnownFileType = sourcecode.c.h; path = "WikiQuote-Prefix.pch"; sourceTree = "<group>"; };
		F45F3FED156EAE610077D01C /* AppDelegate.h */ = {isa = PBXFileReference; fileEncoding = 4; lastKnownFileType = sourcecode.c.h; path = AppDelegate.h; sourceTree = "<group>"; };
		F45F3FEE156EAE610077D01C /* AppDelegate.m */ = {isa = PBXFileReference; fileEncoding = 4; lastKnownFileType = sourcecode.c.objc; path = AppDelegate.m; sourceTree = "<group>"; };
		F45F3FF0156EAE610077D01C /* InfinityPagesViewController.h */ = {isa = PBXFileReference; fileEncoding = 4; path = InfinityPagesViewController.h; sourceTree = "<group>"; };
		F45F3FF1156EAE610077D01C /* InfinityPagesViewController.m */ = {isa = PBXFileReference; fileEncoding = 4; lastKnownFileType = sourcecode.c.objc; path = InfinityPagesViewController.m; sourceTree = "<group>"; };
		F45F3FF6156EAEE20077D01C /* en */ = {isa = PBXFileReference; lastKnownFileType = file.xib; name = en; path = en.lproj/InfinityPagesViewController_iPad.xib; sourceTree = "<group>"; };
		F45F3FF8156EAEE20077D01C /* en */ = {isa = PBXFileReference; lastKnownFileType = file.xib; name = en; path = en.lproj/InfinityPagesViewController_iPhone.xib; sourceTree = "<group>"; };
		F45F3FFF156EC1F30077D01C /* Icon.png */ = {isa = PBXFileReference; lastKnownFileType = image.png; name = Icon.png; path = ../Icon.png; sourceTree = "<group>"; };
		F45F4002156EC1FE0077D01C /* Icon@2x.png */ = {isa = PBXFileReference; lastKnownFileType = image.png; name = "Icon@2x.png"; path = "../Icon@2x.png"; sourceTree = "<group>"; };
		F45F4004156EC20D0077D01C /* Icon72.png */ = {isa = PBXFileReference; lastKnownFileType = image.png; name = Icon72.png; path = ../Icon72.png; sourceTree = "<group>"; };
		F45F4007156EC2730077D01C /* Icon512.png */ = {isa = PBXFileReference; lastKnownFileType = image.png; name = Icon512.png; path = ../Icon512.png; sourceTree = "<group>"; };
		F45F400F156ED94D0077D01C /* Philosopher.otf */ = {isa = PBXFileReference; lastKnownFileType = file; name = Philosopher.otf; path = Resources/Philosopher.otf; sourceTree = "<group>"; };
		F4DEDF661574006500BD77CB /* Logger.h */ = {isa = PBXFileReference; fileEncoding = 4; lastKnownFileType = sourcecode.c.h; path = Logger.h; sourceTree = "<group>"; };
		F4DEDF671574006500BD77CB /* Logger.m */ = {isa = PBXFileReference; fileEncoding = 4; lastKnownFileType = sourcecode.c.objc; path = Logger.m; sourceTree = "<group>"; };
		F4DEDF6915740F4200BD77CB /* Quote.h */ = {isa = PBXFileReference; fileEncoding = 4; lastKnownFileType = sourcecode.c.h; name = Quote.h; path = WikiAPI/Quote.h; sourceTree = "<group>"; };
		F4DEDF6A15740F4200BD77CB /* Quote.m */ = {isa = PBXFileReference; fileEncoding = 4; lastKnownFileType = sourcecode.c.objc; name = Quote.m; path = WikiAPI/Quote.m; sourceTree = "<group>"; };
		F4DEDF6D1574114A00BD77CB /* Quoter.h */ = {isa = PBXFileReference; fileEncoding = 4; lastKnownFileType = sourcecode.c.h; name = Quoter.h; path = WikiAPI/Quoter.h; sourceTree = "<group>"; };
		F4DEDF701574136100BD77CB /* WikiQuoter.h */ = {isa = PBXFileReference; fileEncoding = 4; lastKnownFileType = sourcecode.c.h; name = WikiQuoter.h; path = WikiAPI/WikiQuoter.h; sourceTree = "<group>"; };
		F4DEDF711574136100BD77CB /* WikiQuoter.m */ = {isa = PBXFileReference; fileEncoding = 4; lastKnownFileType = sourcecode.c.objc; name = WikiQuoter.m; path = WikiAPI/WikiQuoter.m; sourceTree = "<group>"; };
/* End PBXFileReference section */

/* Begin PBXFrameworksBuildPhase section */
		F45F3FC5156EACD90077D01C /* Frameworks */ = {
			isa = PBXFrameworksBuildPhase;
			buildActionMask = 2147483647;
			files = (
				F45F3FCD156EACD90077D01C /* UIKit.framework in Frameworks */,
				F45F3FCF156EACD90077D01C /* Foundation.framework in Frameworks */,
				F45F3FD1156EACD90077D01C /* CoreGraphics.framework in Frameworks */,
			);
			runOnlyForDeploymentPostprocessing = 0;
		};
/* End PBXFrameworksBuildPhase section */

/* Begin PBXGroup section */
		F42936A1156FF6970034F723 /* Images */ = {
			isa = PBXGroup;
			children = (
				F42936A2156FF6970034F723 /* Backgrounds */,
				F42936A4156FF6970034F723 /* Icons */,
				F42936A5156FF6970034F723 /* Splashes */,
				F42936A6156FF6970034F723 /* v_frame_iphone.png */,
			);
			path = Images;
			sourceTree = "<group>";
		};
		F42936A2156FF6970034F723 /* Backgrounds */ = {
			isa = PBXGroup;
			children = (
				F42936A9156FFA070034F723 /* background@2x.png */,
			);
			path = Backgrounds;
			sourceTree = "<group>";
		};
		F42936A4156FF6970034F723 /* Icons */ = {
			isa = PBXGroup;
			children = (
			);
			path = Icons;
			sourceTree = "<group>";
		};
		F42936A5156FF6970034F723 /* Splashes */ = {
			isa = PBXGroup;
			children = (
			);
			path = Splashes;
			sourceTree = "<group>";
		};
		F45F3FBD156EACD90077D01C = {
			isa = PBXGroup;
			children = (
				F45F3FD2156EACD90077D01C /* WikiQuote */,
				F45F3FCB156EACD90077D01C /* Frameworks */,
				F45F3FC9156EACD90077D01C /* Products */,
			);
			sourceTree = "<group>";
		};
		F45F3FC9156EACD90077D01C /* Products */ = {
			isa = PBXGroup;
			children = (
				F45F3FC8156EACD90077D01C /* WikiQuote.app */,
			);
			name = Products;
			sourceTree = "<group>";
		};
		F45F3FCB156EACD90077D01C /* Frameworks */ = {
			isa = PBXGroup;
			children = (
				F45F3FCC156EACD90077D01C /* UIKit.framework */,
				F45F3FCE156EACD90077D01C /* Foundation.framework */,
				F45F3FD0156EACD90077D01C /* CoreGraphics.framework */,
			);
			name = Frameworks;
			sourceTree = "<group>";
		};
		F45F3FD2156EACD90077D01C /* WikiQuote */ = {
			isa = PBXGroup;
			children = (
				F42936A1156FF6970034F723 /* Images */,
				F45F4012156ED9580077D01C /* Fonts */,
				F45F4006156EC2220077D01C /* Icons */,
				F45F3FF4156EAEC80077D01C /* Xibs */,
				F45F3FEC156EAE610077D01C /* Classes */,
				F45F3FD3156EACD90077D01C /* Supporting Files */,
			);
			path = WikiQuote;
			sourceTree = "<group>";
		};
		F45F3FD3156EACD90077D01C /* Supporting Files */ = {
			isa = PBXGroup;
			children = (
				F45F3FD4156EACD90077D01C /* WikiQuote-Info.plist */,
				F45F3FD5156EACD90077D01C /* InfoPlist.strings */,
				F45F3FD8156EACD90077D01C /* main.m */,
				F45F3FDA156EACD90077D01C /* WikiQuote-Prefix.pch */,
			);
			name = "Supporting Files";
			sourceTree = "<group>";
		};
		F45F3FEC156EAE610077D01C /* Classes */ = {
			isa = PBXGroup;
			children = (
				F4DEDF6C1574100D00BD77CB /* WikiAPI */,
				F45F3FEF156EAE610077D01C /* Utils */,
				F45F3FED156EAE610077D01C /* AppDelegate.h */,
				F45F3FEE156EAE610077D01C /* AppDelegate.m */,
				F45F3FF0156EAE610077D01C /* InfinityPagesViewController.h */,
				F45F3FF1156EAE610077D01C /* InfinityPagesViewController.m */,
				F429369B156FEF2B0034F723 /* QuoteViewController.h */,
				F429369C156FEF2B0034F723 /* QuoteViewController.m */,
			);
			path = Classes;
			sourceTree = "<group>";
		};
		F45F3FEF156EAE610077D01C /* Utils */ = {
			isa = PBXGroup;
			children = (
				F420AA1F15767F5800CE9DC8 /* Common.h */,
				F420AA2015767F5800CE9DC8 /* StringUtils.h */,
				F420AA2115767F5800CE9DC8 /* StringUtils.m */,
				F420AA2215767F5800CE9DC8 /* SynthesizeSingleton.h */,
				F4DEDF661574006500BD77CB /* Logger.h */,
				F4DEDF671574006500BD77CB /* Logger.m */,
			);
			path = Utils;
			sourceTree = "<group>";
		};
		F45F3FF4156EAEC80077D01C /* Xibs */ = {
			isa = PBXGroup;
			children = (
				F45F3FF5156EAEE20077D01C /* InfinityPagesViewController_iPad.xib */,
				F45F3FF7156EAEE20077D01C /* InfinityPagesViewController_iPhone.xib */,
				F429369F156FF0250034F723 /* QuoteViewController.xib */,
			);
			name = Xibs;
			sourceTree = "<group>";
		};
		F45F4006156EC2220077D01C /* Icons */ = {
			isa = PBXGroup;
			children = (
				F45F4007156EC2730077D01C /* Icon512.png */,
				F45F4002156EC1FE0077D01C /* Icon@2x.png */,
				F45F4004156EC20D0077D01C /* Icon72.png */,
				F45F3FFF156EC1F30077D01C /* Icon.png */,
			);
			name = Icons;
			sourceTree = "<group>";
		};
		F45F4012156ED9580077D01C /* Fonts */ = {
			isa = PBXGroup;
			children = (
				F45F400F156ED94D0077D01C /* Philosopher.otf */,
			);
			name = Fonts;
			sourceTree = "<group>";
		};
		F4DEDF6C1574100D00BD77CB /* WikiAPI */ = {
			isa = PBXGroup;
			children = (
				F4DEDF6915740F4200BD77CB /* Quote.h */,
				F4DEDF6A15740F4200BD77CB /* Quote.m */,
				F4DEDF6D1574114A00BD77CB /* Quoter.h */,
				F4DEDF701574136100BD77CB /* WikiQuoter.h */,
				F4DEDF711574136100BD77CB /* WikiQuoter.m */,
			);
			name = WikiAPI;
			sourceTree = "<group>";
		};
/* End PBXGroup section */

/* Begin PBXNativeTarget section */
		F45F3FC7156EACD90077D01C /* WikiQuote */ = {
			isa = PBXNativeTarget;
			buildConfigurationList = F45F3FE9156EACD90077D01C /* Build configuration list for PBXNativeTarget "WikiQuote" */;
			buildPhases = (
				F45F3FC4156EACD90077D01C /* Sources */,
				F45F3FC5156EACD90077D01C /* Frameworks */,
				F45F3FC6156EACD90077D01C /* Resources */,
			);
			buildRules = (
			);
			dependencies = (
			);
			name = WikiQuote;
			productName = WikiQuote;
			productReference = F45F3FC8156EACD90077D01C /* WikiQuote.app */;
			productType = "com.apple.product-type.application";
		};
/* End PBXNativeTarget section */

/* Begin PBXProject section */
		F45F3FBF156EACD90077D01C /* Project object */ = {
			isa = PBXProject;
			attributes = {
				LastUpgradeCheck = 0420;
				ORGANIZATIONNAME = shtykhno.net;
			};
			buildConfigurationList = F45F3FC2156EACD90077D01C /* Build configuration list for PBXProject "WikiQuote" */;
			compatibilityVersion = "Xcode 3.2";
			developmentRegion = English;
			hasScannedForEncodings = 0;
			knownRegions = (
				en,
			);
			mainGroup = F45F3FBD156EACD90077D01C;
			productRefGroup = F45F3FC9156EACD90077D01C /* Products */;
			projectDirPath = "";
			projectRoot = "";
			targets = (
				F45F3FC7156EACD90077D01C /* WikiQuote */,
			);
		};
/* End PBXProject section */

/* Begin PBXResourcesBuildPhase section */
		F45F3FC6156EACD90077D01C /* Resources */ = {
			isa = PBXResourcesBuildPhase;
			buildActionMask = 2147483647;
			files = (
				F45F3FD7156EACD90077D01C /* InfoPlist.strings in Resources */,
				F45F3FF9156EAEE20077D01C /* InfinityPagesViewController_iPad.xib in Resources */,
				F45F3FFA156EAEE20077D01C /* InfinityPagesViewController_iPhone.xib in Resources */,
				F45F4000156EC1F30077D01C /* Icon.png in Resources */,
				F45F4003156EC1FE0077D01C /* Icon@2x.png in Resources */,
				F45F4005156EC20D0077D01C /* Icon72.png in Resources */,
				F45F4008156EC2730077D01C /* Icon512.png in Resources */,
				F45F4010156ED94D0077D01C /* Philosopher.otf in Resources */,
				F42936A0156FF0250034F723 /* QuoteViewController.xib in Resources */,
				F42936A8156FF6970034F723 /* v_frame_iphone.png in Resources */,
				F42936AA156FFA070034F723 /* background@2x.png in Resources */,
			);
			runOnlyForDeploymentPostprocessing = 0;
		};
/* End PBXResourcesBuildPhase section */

/* Begin PBXSourcesBuildPhase section */
		F45F3FC4156EACD90077D01C /* Sources */ = {
			isa = PBXSourcesBuildPhase;
			buildActionMask = 2147483647;
			files = (
				F45F3FD9156EACD90077D01C /* main.m in Sources */,
				F45F3FF2156EAE610077D01C /* AppDelegate.m in Sources */,
				F45F3FF3156EAE610077D01C /* InfinityPagesViewController.m in Sources */,
				F429369D156FEF2B0034F723 /* QuoteViewController.m in Sources */,
				F4DEDF681574006500BD77CB /* Logger.m in Sources */,
				F4DEDF6B15740F4200BD77CB /* Quote.m in Sources */,
				F4DEDF721574136100BD77CB /* WikiQuoter.m in Sources */,
				F420AA2315767F5800CE9DC8 /* StringUtils.m in Sources */,
			);
			runOnlyForDeploymentPostprocessing = 0;
		};
/* End PBXSourcesBuildPhase section */

/* Begin PBXVariantGroup section */
		F45F3FD5156EACD90077D01C /* InfoPlist.strings */ = {
			isa = PBXVariantGroup;
			children = (
				F45F3FD6156EACD90077D01C /* en */,
			);
			name = InfoPlist.strings;
			sourceTree = "<group>";
		};
		F45F3FF5156EAEE20077D01C /* InfinityPagesViewController_iPad.xib */ = {
			isa = PBXVariantGroup;
			children = (
				F45F3FF6156EAEE20077D01C /* en */,
			);
			name = InfinityPagesViewController_iPad.xib;
			sourceTree = "<group>";
		};
		F45F3FF7156EAEE20077D01C /* InfinityPagesViewController_iPhone.xib */ = {
			isa = PBXVariantGroup;
			children = (
				F45F3FF8156EAEE20077D01C /* en */,
			);
			name = InfinityPagesViewController_iPhone.xib;
			sourceTree = "<group>";
		};
/* End PBXVariantGroup section */

/* Begin XCBuildConfiguration section */
		F45F3FE7156EACD90077D01C /* Debug */ = {
			isa = XCBuildConfiguration;
			buildSettings = {
				ALWAYS_SEARCH_USER_PATHS = NO;
				ARCHS = "$(ARCHS_STANDARD_32_BIT)";
				"CODE_SIGN_IDENTITY[sdk=iphoneos*]" = "iPhone Developer";
				COPY_PHASE_STRIP = NO;
				GCC_C_LANGUAGE_STANDARD = gnu99;
				GCC_DYNAMIC_NO_PIC = NO;
				GCC_OPTIMIZATION_LEVEL = 0;
				GCC_PREPROCESSOR_DEFINITIONS = (
					"DEBUG=1",
					"$(inherited)",
				);
				GCC_SYMBOLS_PRIVATE_EXTERN = NO;
				GCC_VERSION = com.apple.compilers.llvm.clang.1_0;
				GCC_WARN_ABOUT_MISSING_PROTOTYPES = YES;
				GCC_WARN_ABOUT_RETURN_TYPE = YES;
				GCC_WARN_UNUSED_VARIABLE = YES;
				IPHONEOS_DEPLOYMENT_TARGET = 5.0;
				SDKROOT = iphoneos;
				TARGETED_DEVICE_FAMILY = "1,2";
			};
			name = Debug;
		};
		F45F3FE8156EACD90077D01C /* Release */ = {
			isa = XCBuildConfiguration;
			buildSettings = {
				ALWAYS_SEARCH_USER_PATHS = NO;
				ARCHS = "$(ARCHS_STANDARD_32_BIT)";
				"CODE_SIGN_IDENTITY[sdk=iphoneos*]" = "iPhone Developer";
				COPY_PHASE_STRIP = YES;
				GCC_C_LANGUAGE_STANDARD = gnu99;
				GCC_VERSION = com.apple.compilers.llvm.clang.1_0;
				GCC_WARN_ABOUT_MISSING_PROTOTYPES = YES;
				GCC_WARN_ABOUT_RETURN_TYPE = YES;
				GCC_WARN_UNUSED_VARIABLE = YES;
				IPHONEOS_DEPLOYMENT_TARGET = 5.0;
				OTHER_CFLAGS = "-DNS_BLOCK_ASSERTIONS=1";
				SDKROOT = iphoneos;
				TARGETED_DEVICE_FAMILY = "1,2";
				VALIDATE_PRODUCT = YES;
			};
			name = Release;
		};
		F45F3FEA156EACD90077D01C /* Debug */ = {
			isa = XCBuildConfiguration;
			buildSettings = {
				GCC_PRECOMPILE_PREFIX_HEADER = YES;
				GCC_PREFIX_HEADER = "WikiQuote/WikiQuote-Prefix.pch";
				INFOPLIST_FILE = "WikiQuote/WikiQuote-Info.plist";
				PRODUCT_NAME = "$(TARGET_NAME)";
				WRAPPER_EXTENSION = app;
			};
			name = Debug;
		};
		F45F3FEB156EACD90077D01C /* Release */ = {
			isa = XCBuildConfiguration;
			buildSettings = {
				GCC_PRECOMPILE_PREFIX_HEADER = YES;
				GCC_PREFIX_HEADER = "WikiQuote/WikiQuote-Prefix.pch";
				INFOPLIST_FILE = "WikiQuote/WikiQuote-Info.plist";
				PRODUCT_NAME = "$(TARGET_NAME)";
				WRAPPER_EXTENSION = app;
			};
			name = Release;
		};
/* End XCBuildConfiguration section */

/* Begin XCConfigurationList section */
		F45F3FC2156EACD90077D01C /* Build configuration list for PBXProject "WikiQuote" */ = {
			isa = XCConfigurationList;
			buildConfigurations = (
				F45F3FE7156EACD90077D01C /* Debug */,
				F45F3FE8156EACD90077D01C /* Release */,
			);
			defaultConfigurationIsVisible = 0;
			defaultConfigurationName = Release;
		};
		F45F3FE9156EACD90077D01C /* Build configuration list for PBXNativeTarget "WikiQuote" */ = {
			isa = XCConfigurationList;
			buildConfigurations = (
				F45F3FEA156EACD90077D01C /* Debug */,
				F45F3FEB156EACD90077D01C /* Release */,
			);
			defaultConfigurationIsVisible = 0;
			defaultConfigurationName = Release;
		};
/* End XCConfigurationList section */
	};
	rootObject = F45F3FBF156EACD90077D01C /* Project object */;
}
